<?xml version="1.0" encoding="utf-8"?>
<Project ToolsVersion="4.0" xmlns="http://schemas.microsoft.com/developer/msbuild/2003">
  <ItemGroup>
    <Filter Include="Source Files">
      <UniqueIdentifier>{4FC737F1-C7A5-4376-A066-2A32D752A2FF}</UniqueIdentifier>
      <Extensions>cpp;c;cc;cxx;def;odl;idl;hpj;bat;asm;asmx</Extensions>
    </Filter>
    <Filter Include="Header Files">
      <UniqueIdentifier>{93995380-89BD-4b04-88EB-625FBE52EBFB}</UniqueIdentifier>
      <Extensions>h;hh;hpp;hxx;hm;inl;inc;ipp;xsd</Extensions>
    </Filter>
    <Filter Include="Resource Files">
      <UniqueIdentifier>{67DA6AB6-F800-4c08-8B7A-83BB121AAD01}</UniqueIdentifier>
      <Extensions>rc;ico;cur;bmp;dlg;rc2;rct;bin;rgs;gif;jpg;jpeg;jpe;resx;tiff;tif;png;wav;mfcribbon-ms</Extensions>
    </Filter>
    <Filter Include="Header Files\Engine">
      <UniqueIdentifier>{7aa22874-f3b5-4bd5-afc5-c735d72ec741}</UniqueIdentifier>
    </Filter>
    <Filter Include="Header Files\Game">
      <UniqueIdentifier>{1f14336f-5853-4ae0-9afa-c42420086a97}</UniqueIdentifier>
    </Filter>
    <Filter Include="Header Files\Engine\Components">
      <UniqueIdentifier>{c97f6ca3-d9b1-4ca0-a84d-556f95777db3}</UniqueIdentifier>
    </Filter>
    <Filter Include="Header Files\Game\Components">
      <UniqueIdentifier>{a02df856-e039-40e9-a383-7a269d6bd63b}</UniqueIdentifier>
    </Filter>
    <Filter Include="Header Files\Engine\Util">
      <UniqueIdentifier>{a378eb5c-3b98-476b-9b95-47debee4a1de}</UniqueIdentifier>
    </Filter>
    <Filter Include="Source Files\Engine">
      <UniqueIdentifier>{e625f0f0-93a5-438b-a0a4-ca2d1f256c08}</UniqueIdentifier>
    </Filter>
    <Filter Include="Source Files\Game">
      <UniqueIdentifier>{9e8b3b76-0c75-4d94-b208-62d6d7d021f0}</UniqueIdentifier>
    </Filter>
    <Filter Include="Source Files\Engine\Util">
      <UniqueIdentifier>{e81f8599-753d-4f22-a24b-0e58334e689d}</UniqueIdentifier>
    </Filter>
    <Filter Include="Source Files\Engine\Components">
      <UniqueIdentifier>{5256d022-bc21-436e-8207-3d90f51befeb}</UniqueIdentifier>
    </Filter>
    <Filter Include="Source Files\Game\Components">
      <UniqueIdentifier>{ca5aa069-c94e-4b8c-b83b-ed060a34534a}</UniqueIdentifier>
    </Filter>
  </ItemGroup>
  <ItemGroup>
    <ClCompile Include="main.cpp">
      <Filter>Source Files</Filter>
    </ClCompile>
    <ClCompile Include="Game.cpp">
      <Filter>Source Files</Filter>
    </ClCompile>
    <ClCompile Include="TextureManager.cpp">
      <Filter>Source Files\Engine\Util</Filter>
    </ClCompile>
    <ClCompile Include="Point.cpp">
      <Filter>Source Files\Engine\Util</Filter>
    </ClCompile>
    <ClCompile Include="GameObject.cpp">
      <Filter>Source Files\Engine\Util</Filter>
    </ClCompile>
    <ClCompile Include="Map.cpp">
      <Filter>Source Files</Filter>
    </ClCompile>
    <ClCompile Include="ECS.cpp">
      <Filter>Source Files\Engine\Util</Filter>
    </ClCompile>
    <ClCompile Include="Component.cpp">
      <Filter>Source Files\Engine\Util</Filter>
    </ClCompile>
    <ClCompile Include="Entity.cpp">
      <Filter>Source Files\Engine\Util</Filter>
    </ClCompile>
    <ClCompile Include="Vector3.cpp">
      <Filter>Source Files\Engine\Util</Filter>
    </ClCompile>
    <ClCompile Include="Rigidbody.cpp">
      <Filter>Source Files\Engine\Components</Filter>
    </ClCompile>
    <ClCompile Include="SpriteRenderer.cpp">
      <Filter>Source Files\Engine\Components</Filter>
    </ClCompile>
    <ClCompile Include="Transform.cpp">
      <Filter>Source Files\Engine\Components</Filter>
    </ClCompile>
    <ClCompile Include="PlayerController.cpp">
      <Filter>Source Files\Game\Components</Filter>
    </ClCompile>
    <ClCompile Include="InputSystem.cpp">
      <Filter>Source Files\Engine\Util</Filter>
    </ClCompile>
    <ClCompile Include="EngineCore.cpp">
      <Filter>Source Files\Engine</Filter>
    </ClCompile>
  </ItemGroup>
  <ItemGroup>
    <ClInclude Include="Game.h">
      <Filter>Header Files</Filter>
    </ClInclude>
    <ClInclude Include="TextureManager.h">
      <Filter>Header Files\Engine\Util</Filter>
    </ClInclude>
    <ClInclude Include="GameObject.h">
      <Filter>Header Files\Engine\Util</Filter>
    </ClInclude>
    <ClInclude Include="Point.h">
      <Filter>Header Files\Engine\Util</Filter>
    </ClInclude>
    <ClInclude Include="Map.h">
      <Filter>Header Files</Filter>
    </ClInclude>
    <ClInclude Include="ECS.h">
      <Filter>Header Files\Engine\Util</Filter>
    </ClInclude>
    <ClInclude Include="Component.h">
      <Filter>Header Files\Engine\Util</Filter>
    </ClInclude>
    <ClInclude Include="Entity.h">
      <Filter>Header Files\Engine\Util</Filter>
    </ClInclude>
    <ClInclude Include="Vector3.h">
      <Filter>Header Files\Engine\Util</Filter>
    </ClInclude>
    <ClInclude Include="Components.h">
      <Filter>Header Files\Engine\Util</Filter>
    </ClInclude>
    <ClInclude Include="Rigidbody.h">
      <Filter>Header Files\Engine\Components</Filter>
    </ClInclude>
    <ClInclude Include="SpriteRenderer.h">
      <Filter>Header Files\Engine\Components</Filter>
    </ClInclude>
    <ClInclude Include="Transform.h">
      <Filter>Header Files\Engine\Components</Filter>
    </ClInclude>
    <ClInclude Include="PlayerController.h">
      <Filter>Header Files\Game\Components</Filter>
    </ClInclude>
    <ClInclude Include="InputSystem.h">
      <Filter>Header Files\Engine\Util</Filter>
    </ClInclude>
    <ClInclude Include="EngineCore.h">
      <Filter>Header Files\Engine</Filter>
    </ClInclude>
  </ItemGroup>
</Project>